// !$*UTF8*$!
{
	archiveVersion = 1;
	classes = {
	};
	objectVersion = 77;
	objects = {

/* Begin PBXBuildFile section */
		8CF4E1EE2D419AC800EA6EEF /* Assets.xcassets in Resources */ = {isa = PBXBuildFile; fileRef = 8CF4E1EA2D419AC800EA6EEF /* Assets.xcassets */; };
		8CF4E1F62D419C1000EA6EEF /* PrintChanges.swift in Sources */ = {isa = PBXBuildFile; fileRef = 8CF4E1F52D419C0800EA6EEF /* PrintChanges.swift */; };
		8CF4E1F82D419DB800EA6EEF /* Main.swift in Sources */ = {isa = PBXBuildFile; fileRef = 8CF4E1F72D419DB600EA6EEF /* Main.swift */; };
		8CF4E1FA2D419E6600EA6EEF /* AutomaticPadding.swift in Sources */ = {isa = PBXBuildFile; fileRef = 8CF4E1F92D419E5E00EA6EEF /* AutomaticPadding.swift */; };
		8CF4E1FC2D41A17F00EA6EEF /* ColorMonochrome.swift in Sources */ = {isa = PBXBuildFile; fileRef = 8CF4E1FB2D41A17C00EA6EEF /* ColorMonochrome.swift */; };
		8CF4E1FE2D41A3FA00EA6EEF /* TightPadding.swift in Sources */ = {isa = PBXBuildFile; fileRef = 8CF4E1FD2D41A3F700EA6EEF /* TightPadding.swift */; };
		8CF4E2002D41A4B300EA6EEF /* DefaultContext.swift in Sources */ = {isa = PBXBuildFile; fileRef = 8CF4E1FF2D41A4AF00EA6EEF /* DefaultContext.swift */; };
		8CF4E2022D41A62500EA6EEF /* ColorMatrix.swift in Sources */ = {isa = PBXBuildFile; fileRef = 8CF4E2012D41A62200EA6EEF /* ColorMatrix.swift */; };
		8CF4E2042D41A83B00EA6EEF /* AddingBackground.swift in Sources */ = {isa = PBXBuildFile; fileRef = 8CF4E2032D41A83500EA6EEF /* AddingBackground.swift */; };
		8CF4E2062D41AABB00EA6EEF /* OnBindingChange.swift in Sources */ = {isa = PBXBuildFile; fileRef = 8CF4E2052D41AAB600EA6EEF /* OnBindingChange.swift */; };
		8CF4E2082D41AB8800EA6EEF /* ContainerShape.swift in Sources */ = {isa = PBXBuildFile; fileRef = 8CF4E2072D41AB8100EA6EEF /* ContainerShape.swift */; };
/* End PBXBuildFile section */

/* Begin PBXFileReference section */
		8CF4E1D92D419AB800EA6EEF /* SwiftUI-Underscored-API.app */ = {isa = PBXFileReference; explicitFileType = wrapper.application; includeInIndex = 0; path = "SwiftUI-Underscored-API.app"; sourceTree = BUILT_PRODUCTS_DIR; };
		8CF4E1EA2D419AC800EA6EEF /* Assets.xcassets */ = {isa = PBXFileReference; lastKnownFileType = folder.assetcatalog; path = Assets.xcassets; sourceTree = "<group>"; };
		8CF4E1F32D419BE600EA6EEF /* LICENSE */ = {isa = PBXFileReference; lastKnownFileType = text; path = LICENSE; sourceTree = SOURCE_ROOT; };
		8CF4E1F42D419BE600EA6EEF /* README.md */ = {isa = PBXFileReference; lastKnownFileType = net.daringfireball.markdown; path = README.md; sourceTree = SOURCE_ROOT; };
		8CF4E1F52D419C0800EA6EEF /* PrintChanges.swift */ = {isa = PBXFileReference; lastKnownFileType = sourcecode.swift; path = PrintChanges.swift; sourceTree = "<group>"; };
		8CF4E1F72D419DB600EA6EEF /* Main.swift */ = {isa = PBXFileReference; lastKnownFileType = sourcecode.swift; path = Main.swift; sourceTree = "<group>"; };
		8CF4E1F92D419E5E00EA6EEF /* AutomaticPadding.swift */ = {isa = PBXFileReference; lastKnownFileType = sourcecode.swift; path = AutomaticPadding.swift; sourceTree = "<group>"; };
		8CF4E1FB2D41A17C00EA6EEF /* ColorMonochrome.swift */ = {isa = PBXFileReference; lastKnownFileType = sourcecode.swift; path = ColorMonochrome.swift; sourceTree = "<group>"; };
		8CF4E1FD2D41A3F700EA6EEF /* TightPadding.swift */ = {isa = PBXFileReference; lastKnownFileType = sourcecode.swift; path = TightPadding.swift; sourceTree = "<group>"; };
		8CF4E1FF2D41A4AF00EA6EEF /* DefaultContext.swift */ = {isa = PBXFileReference; lastKnownFileType = sourcecode.swift; path = DefaultContext.swift; sourceTree = "<group>"; };
		8CF4E2012D41A62200EA6EEF /* ColorMatrix.swift */ = {isa = PBXFileReference; lastKnownFileType = sourcecode.swift; path = ColorMatrix.swift; sourceTree = "<group>"; };
		8CF4E2032D41A83500EA6EEF /* AddingBackground.swift */ = {isa = PBXFileReference; lastKnownFileType = sourcecode.swift; path = AddingBackground.swift; sourceTree = "<group>"; };
		8CF4E2052D41AAB600EA6EEF /* OnBindingChange.swift */ = {isa = PBXFileReference; lastKnownFileType = sourcecode.swift; path = OnBindingChange.swift; sourceTree = "<group>"; };
		8CF4E2072D41AB8100EA6EEF /* ContainerShape.swift */ = {isa = PBXFileReference; lastKnownFileType = sourcecode.swift; path = ContainerShape.swift; sourceTree = "<group>"; };
/* End PBXFileReference section */

/* Begin PBXFrameworksBuildPhase section */
		8CF4E1D62D419AB800EA6EEF /* Frameworks */ = {
			isa = PBXFrameworksBuildPhase;
			buildActionMask = 2147483647;
			files = (
			);
			runOnlyForDeploymentPostprocessing = 0;
		};
/* End PBXFrameworksBuildPhase section */

/* Begin PBXGroup section */
		8CF4E1D02D419AB800EA6EEF = {
			isa = PBXGroup;
			children = (
				8CF4E1F32D419BE600EA6EEF /* LICENSE */,
				8CF4E1F42D419BE600EA6EEF /* README.md */,
				8CF4E1ED2D419AC800EA6EEF /* SwiftUI-Underscored-API */,
				8CF4E1DA2D419AB800EA6EEF /* Products */,
			);
			sourceTree = "<group>";
		};
		8CF4E1DA2D419AB800EA6EEF /* Products */ = {
			isa = PBXGroup;
			children = (
				8CF4E1D92D419AB800EA6EEF /* SwiftUI-Underscored-API.app */,
			);
			name = Products;
			sourceTree = "<group>";
		};
		8CF4E1ED2D419AC800EA6EEF /* SwiftUI-Underscored-API */ = {
			isa = PBXGroup;
			children = (
				8CF4E1F72D419DB600EA6EEF /* Main.swift */,
				8CF4E1F52D419C0800EA6EEF /* PrintChanges.swift */,
				8CF4E1F92D419E5E00EA6EEF /* AutomaticPadding.swift */,
				8CF4E1FB2D41A17C00EA6EEF /* ColorMonochrome.swift */,
				8CF4E1FD2D41A3F700EA6EEF /* TightPadding.swift */,
				8CF4E1FF2D41A4AF00EA6EEF /* DefaultContext.swift */,
				8CF4E2012D41A62200EA6EEF /* ColorMatrix.swift */,
				8CF4E2032D41A83500EA6EEF /* AddingBackground.swift */,
				8CF4E2052D41AAB600EA6EEF /* OnBindingChange.swift */,
				8CF4E2072D41AB8100EA6EEF /* ContainerShape.swift */,
				8CF4E1EA2D419AC800EA6EEF /* Assets.xcassets */,
			);
			path = "SwiftUI-Underscored-API";
			sourceTree = "<group>";
		};
/* End PBXGroup section */

/* Begin PBXNativeTarget section */
		8CF4E1D82D419AB800EA6EEF /* SwiftUI-Underscored-API */ = {
			isa = PBXNativeTarget;
			buildConfigurationList = 8CF4E1E72D419ABA00EA6EEF /* Build configuration list for PBXNativeTarget "SwiftUI-Underscored-API" */;
			buildPhases = (
				8CF4E1D52D419AB800EA6EEF /* Sources */,
				8CF4E1D62D419AB800EA6EEF /* Frameworks */,
				8CF4E1D72D419AB800EA6EEF /* Resources */,
			);
			buildRules = (
			);
			dependencies = (
			);
			name = "SwiftUI-Underscored-API";
			packageProductDependencies = (
			);
			productName = "SwiftUI-Underscored-API";
			productReference = 8CF4E1D92D419AB800EA6EEF /* SwiftUI-Underscored-API.app */;
			productType = "com.apple.product-type.application";
		};
/* End PBXNativeTarget section */

/* Begin PBXProject section */
		8CF4E1D12D419AB800EA6EEF /* Project object */ = {
			isa = PBXProject;
			attributes = {
				BuildIndependentTargetsInParallel = 1;
				LastSwiftUpdateCheck = 1620;
				LastUpgradeCheck = 1620;
				TargetAttributes = {
					8CF4E1D82D419AB800EA6EEF = {
						CreatedOnToolsVersion = 16.2;
						LastSwiftMigration = 1620;
					};
				};
			};
			buildConfigurationList = 8CF4E1D42D419AB800EA6EEF /* Build configuration list for PBXProject "SwiftUI-Underscored-API" */;
			developmentRegion = en;
			hasScannedForEncodings = 0;
			knownRegions = (
				en,
				Base,
			);
			mainGroup = 8CF4E1D02D419AB800EA6EEF;
			minimizedProjectReferenceProxies = 1;
			preferredProjectObjectVersion = 77;
			productRefGroup = 8CF4E1DA2D419AB800EA6EEF /* Products */;
			projectDirPath = "";
			projectRoot = "";
			targets = (
				8CF4E1D82D419AB800EA6EEF /* SwiftUI-Underscored-API */,
			);
		};
/* End PBXProject section */

/* Begin PBXResourcesBuildPhase section */
		8CF4E1D72D419AB800EA6EEF /* Resources */ = {
			isa = PBXResourcesBuildPhase;
			buildActionMask = 2147483647;
			files = (
				8CF4E1EE2D419AC800EA6EEF /* Assets.xcassets in Resources */,
			);
			runOnlyForDeploymentPostprocessing = 0;
		};
/* End PBXResourcesBuildPhase section */

/* Begin PBXSourcesBuildPhase section */
		8CF4E1D52D419AB800EA6EEF /* Sources */ = {
			isa = PBXSourcesBuildPhase;
			buildActionMask = 2147483647;
			files = (
				8CF4E2042D41A83B00EA6EEF /* AddingBackground.swift in Sources */,
				8CF4E2082D41AB8800EA6EEF /* ContainerShape.swift in Sources */,
				8CF4E2062D41AABB00EA6EEF /* OnBindingChange.swift in Sources */,
				8CF4E1F82D419DB800EA6EEF /* Main.swift in Sources */,
				8CF4E2022D41A62500EA6EEF /* ColorMatrix.swift in Sources */,
				8CF4E2002D41A4B300EA6EEF /* DefaultContext.swift in Sources */,
				8CF4E1FA2D419E6600EA6EEF /* AutomaticPadding.swift in Sources */,
				8CF4E1FE2D41A3FA00EA6EEF /* TightPadding.swift in Sources */,
				8CF4E1FC2D41A17F00EA6EEF /* ColorMonochrome.swift in Sources */,
				8CF4E1F62D419C1000EA6EEF /* PrintChanges.swift in Sources */,
			);
			runOnlyForDeploymentPostprocessing = 0;
		};
/* End PBXSourcesBuildPhase section */

/* Begin XCBuildConfiguration section */
		8CF4E1E52D419ABA00EA6EEF /* Debug */ = {
			isa = XCBuildConfiguration;
			buildSettings = {
				ALWAYS_SEARCH_USER_PATHS = NO;
				ASSETCATALOG_COMPILER_GENERATE_SWIFT_ASSET_SYMBOL_EXTENSIONS = YES;
				CLANG_ANALYZER_NONNULL = YES;
				CLANG_ANALYZER_NUMBER_OBJECT_CONVERSION = YES_AGGRESSIVE;
				CLANG_CXX_LANGUAGE_STANDARD = "gnu++20";
				CLANG_ENABLE_MODULES = YES;
				CLANG_ENABLE_OBJC_ARC = YES;
				CLANG_ENABLE_OBJC_WEAK = YES;
				CLANG_WARN_BLOCK_CAPTURE_AUTORELEASING = YES;
				CLANG_WARN_BOOL_CONVERSION = YES;
				CLANG_WARN_COMMA = YES;
				CLANG_WARN_CONSTANT_CONVERSION = YES;
				CLANG_WARN_DEPRECATED_OBJC_IMPLEMENTATIONS = YES;
				CLANG_WARN_DIRECT_OBJC_ISA_USAGE = YES_ERROR;
				CLANG_WARN_DOCUMENTATION_COMMENTS = YES;
				CLANG_WARN_EMPTY_BODY = YES;
				CLANG_WARN_ENUM_CONVERSION = YES;
				CLANG_WARN_INFINITE_RECURSION = YES;
				CLANG_WARN_INT_CONVERSION = YES;
				CLANG_WARN_NON_LITERAL_NULL_CONVERSION = YES;
				CLANG_WARN_OBJC_IMPLICIT_RETAIN_SELF = YES;
				CLANG_WARN_OBJC_LITERAL_CONVERSION = YES;
				CLANG_WARN_OBJC_ROOT_CLASS = YES_ERROR;
				CLANG_WARN_QUOTED_INCLUDE_IN_FRAMEWORK_HEADER = YES;
				CLANG_WARN_RANGE_LOOP_ANALYSIS = YES;
				CLANG_WARN_STRICT_PROTOTYPES = YES;
				CLANG_WARN_SUSPICIOUS_MOVE = YES;
				CLANG_WARN_UNGUARDED_AVAILABILITY = YES_AGGRESSIVE;
				CLANG_WARN_UNREACHABLE_CODE = YES;
				CLANG_WARN__DUPLICATE_METHOD_MATCH = YES;
				COPY_PHASE_STRIP = NO;
				DEBUG_INFORMATION_FORMAT = dwarf;
				ENABLE_STRICT_OBJC_MSGSEND = YES;
				ENABLE_TESTABILITY = YES;
				ENABLE_USER_SCRIPT_SANDBOXING = YES;
				GCC_C_LANGUAGE_STANDARD = gnu17;
				GCC_DYNAMIC_NO_PIC = NO;
				GCC_NO_COMMON_BLOCKS = YES;
				GCC_OPTIMIZATION_LEVEL = 0;
				GCC_PREPROCESSOR_DEFINITIONS = (
					"DEBUG=1",
					"$(inherited)",
				);
				GCC_WARN_64_TO_32_BIT_CONVERSION = YES;
				GCC_WARN_ABOUT_RETURN_TYPE = YES_ERROR;
				GCC_WARN_UNDECLARED_SELECTOR = YES;
				GCC_WARN_UNINITIALIZED_AUTOS = YES_AGGRESSIVE;
				GCC_WARN_UNUSED_FUNCTION = YES;
				GCC_WARN_UNUSED_VARIABLE = YES;
				IPHONEOS_DEPLOYMENT_TARGET = 18.2;
				LOCALIZATION_PREFERS_STRING_CATALOGS = YES;
				MTL_ENABLE_DEBUG_INFO = INCLUDE_SOURCE;
				MTL_FAST_MATH = YES;
				ONLY_ACTIVE_ARCH = YES;
				SDKROOT = iphoneos;
				SWIFT_ACTIVE_COMPILATION_CONDITIONS = "DEBUG $(inherited)";
				SWIFT_OPTIMIZATION_LEVEL = "-Onone";
			};
			name = Debug;
		};
		8CF4E1E62D419ABA00EA6EEF /* Release */ = {
			isa = XCBuildConfiguration;
			buildSettings = {
				ALWAYS_SEARCH_USER_PATHS = NO;
				ASSETCATALOG_COMPILER_GENERATE_SWIFT_ASSET_SYMBOL_EXTENSIONS = YES;
				CLANG_ANALYZER_NONNULL = YES;
				CLANG_ANALYZER_NUMBER_OBJECT_CONVERSION = YES_AGGRESSIVE;
				CLANG_CXX_LANGUAGE_STANDARD = "gnu++20";
				CLANG_ENABLE_MODULES = YES;
				CLANG_ENABLE_OBJC_ARC = YES;
				CLANG_ENABLE_OBJC_WEAK = YES;
				CLANG_WARN_BLOCK_CAPTURE_AUTORELEASING = YES;
				CLANG_WARN_BOOL_CONVERSION = YES;
				CLANG_WARN_COMMA = YES;
				CLANG_WARN_CONSTANT_CONVERSION = YES;
				CLANG_WARN_DEPRECATED_OBJC_IMPLEMENTATIONS = YES;
				CLANG_WARN_DIRECT_OBJC_ISA_USAGE = YES_ERROR;
				CLANG_WARN_DOCUMENTATION_COMMENTS = YES;
				CLANG_WARN_EMPTY_BODY = YES;
				CLANG_WARN_ENUM_CONVERSION = YES;
				CLANG_WARN_INFINITE_RECURSION = YES;
				CLANG_WARN_INT_CONVERSION = YES;
				CLANG_WARN_NON_LITERAL_NULL_CONVERSION = YES;
				CLANG_WARN_OBJC_IMPLICIT_RETAIN_SELF = YES;
				CLANG_WARN_OBJC_LITERAL_CONVERSION = YES;
				CLANG_WARN_OBJC_ROOT_CLASS = YES_ERROR;
				CLANG_WARN_QUOTED_INCLUDE_IN_FRAMEWORK_HEADER = YES;
				CLANG_WARN_RANGE_LOOP_ANALYSIS = YES;
				CLANG_WARN_STRICT_PROTOTYPES = YES;
				CLANG_WARN_SUSPICIOUS_MOVE = YES;
				CLANG_WARN_UNGUARDED_AVAILABILITY = YES_AGGRESSIVE;
				CLANG_WARN_UNREACHABLE_CODE = YES;
				CLANG_WARN__DUPLICATE_METHOD_MATCH = YES;
				COPY_PHASE_STRIP = NO;
				DEBUG_INFORMATION_FORMAT = "dwarf-with-dsym";
				ENABLE_NS_ASSERTIONS = NO;
				ENABLE_STRICT_OBJC_MSGSEND = YES;
				ENABLE_USER_SCRIPT_SANDBOXING = YES;
				GCC_C_LANGUAGE_STANDARD = gnu17;
				GCC_NO_COMMON_BLOCKS = YES;
				GCC_WARN_64_TO_32_BIT_CONVERSION = YES;
				GCC_WARN_ABOUT_RETURN_TYPE = YES_ERROR;
				GCC_WARN_UNDECLARED_SELECTOR = YES;
				GCC_WARN_UNINITIALIZED_AUTOS = YES_AGGRESSIVE;
				GCC_WARN_UNUSED_FUNCTION = YES;
				GCC_WARN_UNUSED_VARIABLE = YES;
				IPHONEOS_DEPLOYMENT_TARGET = 18.2;
				LOCALIZATION_PREFERS_STRING_CATALOGS = YES;
				MTL_ENABLE_DEBUG_INFO = NO;
				MTL_FAST_MATH = YES;
				SDKROOT = iphoneos;
				SWIFT_COMPILATION_MODE = wholemodule;
				VALIDATE_PRODUCT = YES;
			};
			name = Release;
		};
		8CF4E1E82D419ABA00EA6EEF /* Debug */ = {
			isa = XCBuildConfiguration;
			buildSettings = {
				ASSETCATALOG_COMPILER_APPICON_NAME = AppIcon;
				ASSETCATALOG_COMPILER_GLOBAL_ACCENT_COLOR_NAME = AccentColor;
				CLANG_ENABLE_MODULES = YES;
				CODE_SIGN_STYLE = Automatic;
				CURRENT_PROJECT_VERSION = 1;
				ENABLE_PREVIEWS = YES;
				GENERATE_INFOPLIST_FILE = YES;
				INFOPLIST_KEY_UIApplicationSceneManifest_Generation = YES;
				INFOPLIST_KEY_UIApplicationSupportsIndirectInputEvents = YES;
				INFOPLIST_KEY_UILaunchScreen_Generation = YES;
				INFOPLIST_KEY_UISupportedInterfaceOrientations_iPad = "UIInterfaceOrientationPortrait UIInterfaceOrientationPortraitUpsideDown UIInterfaceOrientationLandscapeLeft UIInterfaceOrientationLandscapeRight";
				INFOPLIST_KEY_UISupportedInterfaceOrientations_iPhone = "UIInterfaceOrientationPortrait UIInterfaceOrientationLandscapeLeft UIInterfaceOrientationLandscapeRight";
				IPHONEOS_DEPLOYMENT_TARGET = 18.0;
				LD_RUNPATH_SEARCH_PATHS = (
					"$(inherited)",
					"@executable_path/Frameworks",
				);
				MARKETING_VERSION = 1.0;
				PRODUCT_BUNDLE_IDENTIFIER = "com.memz233.SwiftUI-Underscored-API";
				PRODUCT_NAME = "$(TARGET_NAME)";
				SWIFT_EMIT_LOC_STRINGS = YES;
				SWIFT_OPTIMIZATION_LEVEL = "-Onone";
				SWIFT_VERSION = 5.0;
				TARGETED_DEVICE_FAMILY = "1,2";
			};
			name = Debug;
		};
		8CF4E1E92D419ABA00EA6EEF /* Release */ = {
			isa = XCBuildConfiguration;
			buildSettings = {
				ASSETCATALOG_COMPILER_APPICON_NAME = AppIcon;
				ASSETCATALOG_COMPILER_GLOBAL_ACCENT_COLOR_NAME = AccentColor;
				CLANG_ENABLE_MODULES = YES;
				CODE_SIGN_STYLE = Automatic;
				CURRENT_PROJECT_VERSION = 1;
				ENABLE_PREVIEWS = YES;
				GENERATE_INFOPLIST_FILE = YES;
				INFOPLIST_KEY_UIApplicationSceneManifest_Generation = YES;
				INFOPLIST_KEY_UIApplicationSupportsIndirectInputEvents = YES;
				INFOPLIST_KEY_UILaunchScreen_Generation = YES;
				INFOPLIST_KEY_UISupportedInterfaceOrientations_iPad = "UIInterfaceOrientationPortrait UIInterfaceOrientationPortraitUpsideDown UIInterfaceOrientationLandscapeLeft UIInterfaceOrientationLandscapeRight";
				INFOPLIST_KEY_UISupportedInterfaceOrientations_iPhone = "UIInterfaceOrientationPortrait UIInterfaceOrientationLandscapeLeft UIInterfaceOrientationLandscapeRight";
				IPHONEOS_DEPLOYMENT_TARGET = 18.0;
				LD_RUNPATH_SEARCH_PATHS = (
					"$(inherited)",
					"@executable_path/Frameworks",
				);
				MARKETING_VERSION = 1.0;
				PRODUCT_BUNDLE_IDENTIFIER = "com.memz233.SwiftUI-Underscored-API";
				PRODUCT_NAME = "$(TARGET_NAME)";
				SWIFT_EMIT_LOC_STRINGS = YES;
				SWIFT_VERSION = 5.0;
				TARGETED_DEVICE_FAMILY = "1,2";
			};
			name = Release;
		};
/* End XCBuildConfiguration section */

/* Begin XCConfigurationList section */
		8CF4E1D42D419AB800EA6EEF /* Build configuration list for PBXProject "SwiftUI-Underscored-API" */ = {
			isa = XCConfigurationList;
			buildConfigurations = (
				8CF4E1E52D419ABA00EA6EEF /* Debug */,
				8CF4E1E62D419ABA00EA6EEF /* Release */,
			);
			defaultConfigurationIsVisible = 0;
			defaultConfigurationName = Release;
		};
		8CF4E1E72D419ABA00EA6EEF /* Build configuration list for PBXNativeTarget "SwiftUI-Underscored-API" */ = {
			isa = XCConfigurationList;
			buildConfigurations = (
				8CF4E1E82D419ABA00EA6EEF /* Debug */,
				8CF4E1E92D419ABA00EA6EEF /* Release */,
			);
			defaultConfigurationIsVisible = 0;
			defaultConfigurationName = Release;
		};
/* End XCConfigurationList section */
	};
	rootObject = 8CF4E1D12D419AB800EA6EEF /* Project object */;
}
